// !$*UTF8*$!
{
	archiveVersion = 1;
	classes = {
	};
	objectVersion = 48;
	objects = {

/* Begin PBXBuildFile section */
		0135969A210B107800DEA2A7 /* AppDelegate.swift in Sources */ = {isa = PBXBuildFile; fileRef = 01359699210B107800DEA2A7 /* AppDelegate.swift */; };
		0135969C210B107800DEA2A7 /* ViewController.swift in Sources */ = {isa = PBXBuildFile; fileRef = 0135969B210B107800DEA2A7 /* ViewController.swift */; };
		0135969F210B107800DEA2A7 /* Main.storyboard in Resources */ = {isa = PBXBuildFile; fileRef = 0135969D210B107800DEA2A7 /* Main.storyboard */; };
		013596A1210B107800DEA2A7 /* Assets.xcassets in Resources */ = {isa = PBXBuildFile; fileRef = 013596A0210B107800DEA2A7 /* Assets.xcassets */; };
		013596A4210B107800DEA2A7 /* LaunchScreen.storyboard in Resources */ = {isa = PBXBuildFile; fileRef = 013596A2210B107800DEA2A7 /* LaunchScreen.storyboard */; };
		013596AF210B107800DEA2A7 /* LocalizationTests.swift in Sources */ = {isa = PBXBuildFile; fileRef = 013596AE210B107800DEA2A7 /* LocalizationTests.swift */; };
		013596BA210B107800DEA2A7 /* LocalizationUITests.swift in Sources */ = {isa = PBXBuildFile; fileRef = 013596B9210B107800DEA2A7 /* LocalizationUITests.swift */; };
/* End PBXBuildFile section */

/* Begin PBXContainerItemProxy section */
		013596AB210B107800DEA2A7 /* PBXContainerItemProxy */ = {
			isa = PBXContainerItemProxy;
			containerPortal = 0135968E210B107700DEA2A7 /* Project object */;
			proxyType = 1;
			remoteGlobalIDString = 01359695210B107800DEA2A7;
			remoteInfo = Localization;
		};
		013596B6210B107800DEA2A7 /* PBXContainerItemProxy */ = {
			isa = PBXContainerItemProxy;
			containerPortal = 0135968E210B107700DEA2A7 /* Project object */;
			proxyType = 1;
			remoteGlobalIDString = 01359695210B107800DEA2A7;
			remoteInfo = Localization;
		};
/* End PBXContainerItemProxy section */

/* Begin PBXFileReference section */
		01359696210B107800DEA2A7 /* Localization.app */ = {isa = PBXFileReference; explicitFileType = wrapper.application; includeInIndex = 0; path = Localization.app; sourceTree = BUILT_PRODUCTS_DIR; };
		01359699210B107800DEA2A7 /* AppDelegate.swift */ = {isa = PBXFileReference; lastKnownFileType = sourcecode.swift; path = AppDelegate.swift; sourceTree = "<group>"; };
		0135969B210B107800DEA2A7 /* ViewController.swift */ = {isa = PBXFileReference; lastKnownFileType = sourcecode.swift; path = ViewController.swift; sourceTree = "<group>"; };
		0135969E210B107800DEA2A7 /* Base */ = {isa = PBXFileReference; lastKnownFileType = file.storyboard; name = Base; path = Base.lproj/Main.storyboard; sourceTree = "<group>"; };
		013596A0210B107800DEA2A7 /* Assets.xcassets */ = {isa = PBXFileReference; lastKnownFileType = folder.assetcatalog; path = Assets.xcassets; sourceTree = "<group>"; };
		013596A3210B107800DEA2A7 /* Base */ = {isa = PBXFileReference; lastKnownFileType = file.storyboard; name = Base; path = Base.lproj/LaunchScreen.storyboard; sourceTree = "<group>"; };
		013596A5210B107800DEA2A7 /* Info.plist */ = {isa = PBXFileReference; lastKnownFileType = text.plist.xml; path = Info.plist; sourceTree = "<group>"; };
		013596AA210B107800DEA2A7 /* LocalizationTests.xctest */ = {isa = PBXFileReference; explicitFileType = wrapper.cfbundle; includeInIndex = 0; path = LocalizationTests.xctest; sourceTree = BUILT_PRODUCTS_DIR; };
		013596AE210B107800DEA2A7 /* LocalizationTests.swift */ = {isa = PBXFileReference; lastKnownFileType = sourcecode.swift; path = LocalizationTests.swift; sourceTree = "<group>"; };
		013596B0210B107800DEA2A7 /* Info.plist */ = {isa = PBXFileReference; lastKnownFileType = text.plist.xml; path = Info.plist; sourceTree = "<group>"; };
		013596B5210B107800DEA2A7 /* LocalizationUITests.xctest */ = {isa = PBXFileReference; explicitFileType = wrapper.cfbundle; includeInIndex = 0; path = LocalizationUITests.xctest; sourceTree = BUILT_PRODUCTS_DIR; };
		013596B9210B107800DEA2A7 /* LocalizationUITests.swift */ = {isa = PBXFileReference; lastKnownFileType = sourcecode.swift; path = LocalizationUITests.swift; sourceTree = "<group>"; };
		013596BB210B107800DEA2A7 /* Info.plist */ = {isa = PBXFileReference; lastKnownFileType = text.plist.xml; path = Info.plist; sourceTree = "<group>"; };
/* End PBXFileReference section */

/* Begin PBXFrameworksBuildPhase section */
		01359693210B107800DEA2A7 /* Frameworks */ = {
			isa = PBXFrameworksBuildPhase;
			buildActionMask = 2147483647;
			files = (
			);
			runOnlyForDeploymentPostprocessing = 0;
		};
		013596A7210B107800DEA2A7 /* Frameworks */ = {
			isa = PBXFrameworksBuildPhase;
			buildActionMask = 2147483647;
			files = (
			);
			runOnlyForDeploymentPostprocessing = 0;
		};
		013596B2210B107800DEA2A7 /* Frameworks */ = {
			isa = PBXFrameworksBuildPhase;
			buildActionMask = 2147483647;
			files = (
			);
			runOnlyForDeploymentPostprocessing = 0;
		};
/* End PBXFrameworksBuildPhase section */

/* Begin PBXGroup section */
		0135968D210B107700DEA2A7 = {
			isa = PBXGroup;
			children = (
				01359698210B107800DEA2A7 /* Localization */,
				013596AD210B107800DEA2A7 /* LocalizationTests */,
				013596B8210B107800DEA2A7 /* LocalizationUITests */,
				01359697210B107800DEA2A7 /* Products */,
			);
			sourceTree = "<group>";
		};
		01359697210B107800DEA2A7 /* Products */ = {
			isa = PBXGroup;
			children = (
				01359696210B107800DEA2A7 /* Localization.app */,
				013596AA210B107800DEA2A7 /* LocalizationTests.xctest */,
				013596B5210B107800DEA2A7 /* LocalizationUITests.xctest */,
			);
			name = Products;
			sourceTree = "<group>";
		};
		01359698210B107800DEA2A7 /* Localization */ = {
			isa = PBXGroup;
			children = (
				01359699210B107800DEA2A7 /* AppDelegate.swift */,
				0135969B210B107800DEA2A7 /* ViewController.swift */,
				0135969D210B107800DEA2A7 /* Main.storyboard */,
				013596A0210B107800DEA2A7 /* Assets.xcassets */,
				013596A2210B107800DEA2A7 /* LaunchScreen.storyboard */,
				013596A5210B107800DEA2A7 /* Info.plist */,
			);
			path = Localization;
			sourceTree = "<group>";
		};
		013596AD210B107800DEA2A7 /* LocalizationTests */ = {
			isa = PBXGroup;
			children = (
				013596AE210B107800DEA2A7 /* LocalizationTests.swift */,
				013596B0210B107800DEA2A7 /* Info.plist */,
			);
			path = LocalizationTests;
			sourceTree = "<group>";
		};
		013596B8210B107800DEA2A7 /* LocalizationUITests */ = {
			isa = PBXGroup;
			children = (
				013596B9210B107800DEA2A7 /* LocalizationUITests.swift */,
				013596BB210B107800DEA2A7 /* Info.plist */,
			);
			path = LocalizationUITests;
			sourceTree = "<group>";
		};
/* End PBXGroup section */

/* Begin PBXNativeTarget section */
		01359695210B107800DEA2A7 /* Localization */ = {
			isa = PBXNativeTarget;
			buildConfigurationList = 013596BE210B107800DEA2A7 /* Build configuration list for PBXNativeTarget "Localization" */;
			buildPhases = (
				01359692210B107800DEA2A7 /* Sources */,
				01359693210B107800DEA2A7 /* Frameworks */,
				01359694210B107800DEA2A7 /* Resources */,
			);
			buildRules = (
			);
			dependencies = (
			);
			name = Localization;
			productName = Localization;
			productReference = 01359696210B107800DEA2A7 /* Localization.app */;
			productType = "com.apple.product-type.application";
		};
		013596A9210B107800DEA2A7 /* LocalizationTests */ = {
			isa = PBXNativeTarget;
			buildConfigurationList = 013596C1210B107800DEA2A7 /* Build configuration list for PBXNativeTarget "LocalizationTests" */;
			buildPhases = (
				013596A6210B107800DEA2A7 /* Sources */,
				013596A7210B107800DEA2A7 /* Frameworks */,
				013596A8210B107800DEA2A7 /* Resources */,
			);
			buildRules = (
			);
			dependencies = (
				013596AC210B107800DEA2A7 /* PBXTargetDependency */,
			);
			name = LocalizationTests;
			productName = LocalizationTests;
			productReference = 013596AA210B107800DEA2A7 /* LocalizationTests.xctest */;
			productType = "com.apple.product-type.bundle.unit-test";
		};
		013596B4210B107800DEA2A7 /* LocalizationUITests */ = {
			isa = PBXNativeTarget;
			buildConfigurationList = 013596C4210B107800DEA2A7 /* Build configuration list for PBXNativeTarget "LocalizationUITests" */;
			buildPhases = (
				013596B1210B107800DEA2A7 /* Sources */,
				013596B2210B107800DEA2A7 /* Frameworks */,
				013596B3210B107800DEA2A7 /* Resources */,
			);
			buildRules = (
			);
			dependencies = (
				013596B7210B107800DEA2A7 /* PBXTargetDependency */,
			);
			name = LocalizationUITests;
			productName = LocalizationUITests;
			productReference = 013596B5210B107800DEA2A7 /* LocalizationUITests.xctest */;
			productType = "com.apple.product-type.bundle.ui-testing";
		};
/* End PBXNativeTarget section */

/* Begin PBXProject section */
		0135968E210B107700DEA2A7 /* Project object */ = {
			isa = PBXProject;
			attributes = {
				LastSwiftUpdateCheck = 0910;
				LastUpgradeCheck = 0910;
				ORGANIZATIONNAME = Globant;
				TargetAttributes = {
					01359695210B107800DEA2A7 = {
						CreatedOnToolsVersion = 9.1;
						ProvisioningStyle = Automatic;
					};
					013596A9210B107800DEA2A7 = {
						CreatedOnToolsVersion = 9.1;
						ProvisioningStyle = Automatic;
						TestTargetID = 01359695210B107800DEA2A7;
					};
					013596B4210B107800DEA2A7 = {
						CreatedOnToolsVersion = 9.1;
						ProvisioningStyle = Automatic;
						TestTargetID = 01359695210B107800DEA2A7;
					};
				};
			};
			buildConfigurationList = 01359691210B107700DEA2A7 /* Build configuration list for PBXProject "Localization" */;
			compatibilityVersion = "Xcode 8.0";
			developmentRegion = en;
			hasScannedForEncodings = 0;
			knownRegions = (
				en,
				Base,
			);
			mainGroup = 0135968D210B107700DEA2A7;
			productRefGroup = 01359697210B107800DEA2A7 /* Products */;
			projectDirPath = "";
			projectRoot = "";
			targets = (
				01359695210B107800DEA2A7 /* Localization */,
				013596A9210B107800DEA2A7 /* LocalizationTests */,
				013596B4210B107800DEA2A7 /* LocalizationUITests */,
			);
		};
/* End PBXProject section */

/* Begin PBXResourcesBuildPhase section */
		01359694210B107800DEA2A7 /* Resources */ = {
			isa = PBXResourcesBuildPhase;
			buildActionMask = 2147483647;
			files = (
				013596A4210B107800DEA2A7 /* LaunchScreen.storyboard in Resources */,
				013596A1210B107800DEA2A7 /* Assets.xcassets in Resources */,
				0135969F210B107800DEA2A7 /* Main.storyboard in Resources */,
			);
			runOnlyForDeploymentPostprocessing = 0;
		};
		013596A8210B107800DEA2A7 /* Resources */ = {
			isa = PBXResourcesBuildPhase;
			buildActionMask = 2147483647;
			files = (
			);
			runOnlyForDeploymentPostprocessing = 0;
		};
		013596B3210B107800DEA2A7 /* Resources */ = {
			isa = PBXResourcesBuildPhase;
			buildActionMask = 2147483647;
			files = (
			);
			runOnlyForDeploymentPostprocessing = 0;
		};
/* End PBXResourcesBuildPhase section */

/* Begin PBXSourcesBuildPhase section */
		01359692210B107800DEA2A7 /* Sources */ = {
			isa = PBXSourcesBuildPhase;
			buildActionMask = 2147483647;
			files = (
				0135969C210B107800DEA2A7 /* ViewController.swift in Sources */,
				0135969A210B107800DEA2A7 /* AppDelegate.swift in Sources */,
			);
			runOnlyForDeploymentPostprocessing = 0;
		};
		013596A6210B107800DEA2A7 /* Sources */ = {
			isa = PBXSourcesBuildPhase;
			buildActionMask = 2147483647;
			files = (
				013596AF210B107800DEA2A7 /* LocalizationTests.swift in Sources */,
			);
			runOnlyForDeploymentPostprocessing = 0;
		};
		013596B1210B107800DEA2A7 /* Sources */ = {
			isa = PBXSourcesBuildPhase;
			buildActionMask = 2147483647;
			files = (
				013596BA210B107800DEA2A7 /* LocalizationUITests.swift in Sources */,
			);
			runOnlyForDeploymentPostprocessing = 0;
		};
/* End PBXSourcesBuildPhase section */

/* Begin PBXTargetDependency section */
		013596AC210B107800DEA2A7 /* PBXTargetDependency */ = {
			isa = PBXTargetDependency;
			target = 01359695210B107800DEA2A7 /* Localization */;
			targetProxy = 013596AB210B107800DEA2A7 /* PBXContainerItemProxy */;
		};
		013596B7210B107800DEA2A7 /* PBXTargetDependency */ = {
			isa = PBXTargetDependency;
			target = 01359695210B107800DEA2A7 /* Localization */;
			targetProxy = 013596B6210B107800DEA2A7 /* PBXContainerItemProxy */;
		};
/* End PBXTargetDependency section */

/* Begin PBXVariantGroup section */
		0135969D210B107800DEA2A7 /* Main.storyboard */ = {
			isa = PBXVariantGroup;
			children = (
				0135969E210B107800DEA2A7 /* Base */,
			);
			name = Main.storyboard;
			sourceTree = "<group>";
		};
		013596A2210B107800DEA2A7 /* LaunchScreen.storyboard */ = {
			isa = PBXVariantGroup;
			children = (
				013596A3210B107800DEA2A7 /* Base */,
			);
			name = LaunchScreen.storyboard;
			sourceTree = "<group>";
		};
/* End PBXVariantGroup section */

/* Begin XCBuildConfiguration section */
		013596BC210B107800DEA2A7 /* Debug */ = {
			isa = XCBuildConfiguration;
			buildSettings = {
				ALWAYS_SEARCH_USER_PATHS = NO;
				CLANG_ANALYZER_NONNULL = YES;
				CLANG_ANALYZER_NUMBER_OBJECT_CONVERSION = YES_AGGRESSIVE;
				CLANG_CXX_LANGUAGE_STANDARD = "gnu++14";
				CLANG_CXX_LIBRARY = "libc++";
				CLANG_ENABLE_MODULES = YES;
				CLANG_ENABLE_OBJC_ARC = YES;
				CLANG_WARN_BLOCK_CAPTURE_AUTORELEASING = YES;
				CLANG_WARN_BOOL_CONVERSION = YES;
				CLANG_WARN_COMMA = YES;
				CLANG_WARN_CONSTANT_CONVERSION = YES;
				CLANG_WARN_DIRECT_OBJC_ISA_USAGE = YES_ERROR;
				CLANG_WARN_DOCUMENTATION_COMMENTS = YES;
				CLANG_WARN_EMPTY_BODY = YES;
				CLANG_WARN_ENUM_CONVERSION = YES;
				CLANG_WARN_INFINITE_RECURSION = YES;
				CLANG_WARN_INT_CONVERSION = YES;
				CLANG_WARN_NON_LITERAL_NULL_CONVERSION = YES;
				CLANG_WARN_OBJC_LITERAL_CONVERSION = YES;
				CLANG_WARN_OBJC_ROOT_CLASS = YES_ERROR;
				CLANG_WARN_RANGE_LOOP_ANALYSIS = YES;
				CLANG_WARN_STRICT_PROTOTYPES = YES;
				CLANG_WARN_SUSPICIOUS_MOVE = YES;
				CLANG_WARN_UNGUARDED_AVAILABILITY = YES_AGGRESSIVE;
				CLANG_WARN_UNREACHABLE_CODE = YES;
				CLANG_WARN__DUPLICATE_METHOD_MATCH = YES;
				CODE_SIGN_IDENTITY = "iPhone Developer";
				COPY_PHASE_STRIP = NO;
				DEBUG_INFORMATION_FORMAT = dwarf;
				ENABLE_STRICT_OBJC_MSGSEND = YES;
				ENABLE_TESTABILITY = YES;
				GCC_C_LANGUAGE_STANDARD = gnu11;
				GCC_DYNAMIC_NO_PIC = NO;
				GCC_NO_COMMON_BLOCKS = YES;
				GCC_OPTIMIZATION_LEVEL = 0;
				GCC_PREPROCESSOR_DEFINITIONS = (
					"DEBUG=1",
					"$(inherited)",
				);
				GCC_WARN_64_TO_32_BIT_CONVERSION = YES;
				GCC_WARN_ABOUT_RETURN_TYPE = YES_ERROR;
				GCC_WARN_UNDECLARED_SELECTOR = YES;
				GCC_WARN_UNINITIALIZED_AUTOS = YES_AGGRESSIVE;
				GCC_WARN_UNUSED_FUNCTION = YES;
				GCC_WARN_UNUSED_VARIABLE = YES;
				IPHONEOS_DEPLOYMENT_TARGET = 11.1;
				MTL_ENABLE_DEBUG_INFO = YES;
				ONLY_ACTIVE_ARCH = YES;
				SDKROOT = iphoneos;
				SWIFT_ACTIVE_COMPILATION_CONDITIONS = DEBUG;
				SWIFT_OPTIMIZATION_LEVEL = "-Onone";
			};
			name = Debug;
		};
		013596BD210B107800DEA2A7 /* Release */ = {
			isa = XCBuildConfiguration;
			buildSettings = {
				ALWAYS_SEARCH_USER_PATHS = NO;
				CLANG_ANALYZER_NONNULL = YES;
				CLANG_ANALYZER_NUMBER_OBJECT_CONVERSION = YES_AGGRESSIVE;
				CLANG_CXX_LANGUAGE_STANDARD = "gnu++14";
				CLANG_CXX_LIBRARY = "libc++";
				CLANG_ENABLE_MODULES = YES;
				CLANG_ENABLE_OBJC_ARC = YES;
				CLANG_WARN_BLOCK_CAPTURE_AUTORELEASING = YES;
				CLANG_WARN_BOOL_CONVERSION = YES;
				CLANG_WARN_COMMA = YES;
				CLANG_WARN_CONSTANT_CONVERSION = YES;
				CLANG_WARN_DIRECT_OBJC_ISA_USAGE = YES_ERROR;
				CLANG_WARN_DOCUMENTATION_COMMENTS = YES;
				CLANG_WARN_EMPTY_BODY = YES;
				CLANG_WARN_ENUM_CONVERSION = YES;
				CLANG_WARN_INFINITE_RECURSION = YES;
				CLANG_WARN_INT_CONVERSION = YES;
				CLANG_WARN_NON_LITERAL_NULL_CONVERSION = YES;
				CLANG_WARN_OBJC_LITERAL_CONVERSION = YES;
				CLANG_WARN_OBJC_ROOT_CLASS = YES_ERROR;
				CLANG_WARN_RANGE_LOOP_ANALYSIS = YES;
				CLANG_WARN_STRICT_PROTOTYPES = YES;
				CLANG_WARN_SUSPICIOUS_MOVE = YES;
				CLANG_WARN_UNGUARDED_AVAILABILITY = YES_AGGRESSIVE;
				CLANG_WARN_UNREACHABLE_CODE = YES;
				CLANG_WARN__DUPLICATE_METHOD_MATCH = YES;
				CODE_SIGN_IDENTITY = "iPhone Developer";
				COPY_PHASE_STRIP = NO;
				DEBUG_INFORMATION_FORMAT = "dwarf-with-dsym";
				ENABLE_NS_ASSERTIONS = NO;
				ENABLE_STRICT_OBJC_MSGSEND = YES;
				GCC_C_LANGUAGE_STANDARD = gnu11;
				GCC_NO_COMMON_BLOCKS = YES;
				GCC_WARN_64_TO_32_BIT_CONVERSION = YES;
				GCC_WARN_ABOUT_RETURN_TYPE = YES_ERROR;
				GCC_WARN_UNDECLARED_SELECTOR = YES;
				GCC_WARN_UNINITIALIZED_AUTOS = YES_AGGRESSIVE;
				GCC_WARN_UNUSED_FUNCTION = YES;
				GCC_WARN_UNUSED_VARIABLE = YES;
				IPHONEOS_DEPLOYMENT_TARGET = 11.1;
				MTL_ENABLE_DEBUG_INFO = NO;
				SDKROOT = iphoneos;
				SWIFT_OPTIMIZATION_LEVEL = "-Owholemodule";
				VALIDATE_PRODUCT = YES;
			};
			name = Release;
		};
		013596BF210B107800DEA2A7 /* Debug */ = {
			isa = XCBuildConfiguration;
			buildSettings = {
				ASSETCATALOG_COMPILER_APPICON_NAME = AppIcon;
				CODE_SIGN_STYLE = Automatic;
				INFOPLIST_FILE = Localization/Info.plist;
				LD_RUNPATH_SEARCH_PATHS = "$(inherited) @executable_path/Frameworks";
				PRODUCT_BUNDLE_IDENTIFIER = Globant.Localization;
				PRODUCT_NAME = "$(TARGET_NAME)";
				SWIFT_VERSION = 4.0;
				TARGETED_DEVICE_FAMILY = "1,2";
			};
			name = Debug;
		};
		013596C0210B107800DEA2A7 /* Release */ = {
			isa = XCBuildConfiguration;
			buildSettings = {
				ASSETCATALOG_COMPILER_APPICON_NAME = AppIcon;
				CODE_SIGN_STYLE = Automatic;
				INFOPLIST_FILE = Localization/Info.plist;
				LD_RUNPATH_SEARCH_PATHS = "$(inherited) @executable_path/Frameworks";
				PRODUCT_BUNDLE_IDENTIFIER = Globant.Localization;
				PRODUCT_NAME = "$(TARGET_NAME)";
				SWIFT_VERSION = 4.0;
				TARGETED_DEVICE_FAMILY = "1,2";
			};
			name = Release;
		};
		013596C2210B107800DEA2A7 /* Debug */ = {
			isa = XCBuildConfiguration;
			buildSettings = {
				ALWAYS_EMBED_SWIFT_STANDARD_LIBRARIES = YES;
				BUNDLE_LOADER = "$(TEST_HOST)";
				CODE_SIGN_STYLE = Automatic;
				INFOPLIST_FILE = LocalizationTests/Info.plist;
				LD_RUNPATH_SEARCH_PATHS = "$(inherited) @executable_path/Frameworks @loader_path/Frameworks";
				PRODUCT_BUNDLE_IDENTIFIER = Globant.LocalizationTests;
				PRODUCT_NAME = "$(TARGET_NAME)";
				SWIFT_VERSION = 4.0;
				TARGETED_DEVICE_FAMILY = "1,2";
				TEST_HOST = "$(BUILT_PRODUCTS_DIR)/Localization.app/Localization";
			};
			name = Debug;
		};
		013596C3210B107800DEA2A7 /* Release */ = {
			isa = XCBuildConfiguration;
			buildSettings = {
				ALWAYS_EMBED_SWIFT_STANDARD_LIBRARIES = YES;
				BUNDLE_LOADER = "$(TEST_HOST)";
				CODE_SIGN_STYLE = Automatic;
				INFOPLIST_FILE = LocalizationTests/Info.plist;
				LD_RUNPATH_SEARCH_PATHS = "$(inherited) @executable_path/Frameworks @loader_path/Frameworks";
				PRODUCT_BUNDLE_IDENTIFIER = Globant.LocalizationTests;
				PRODUCT_NAME = "$(TARGET_NAME)";
				SWIFT_VERSION = 4.0;
				TARGETED_DEVICE_FAMILY = "1,2";
				TEST_HOST = "$(BUILT_PRODUCTS_DIR)/Localization.app/Localization";
			};
			name = Release;
		};
		013596C5210B107800DEA2A7 /* Debug */ = {
			isa = XCBuildConfiguration;
			buildSettings = {
				ALWAYS_EMBED_SWIFT_STANDARD_LIBRARIES = YES;
				CODE_SIGN_STYLE = Automatic;
				INFOPLIST_FILE = LocalizationUITests/Info.plist;
				LD_RUNPATH_SEARCH_PATHS = "$(inherited) @executable_path/Frameworks @loader_path/Frameworks";
				PRODUCT_BUNDLE_IDENTIFIER = Globant.LocalizationUITests;
				PRODUCT_NAME = "$(TARGET_NAME)";
				SWIFT_VERSION = 4.0;
				TARGETED_DEVICE_FAMILY = "1,2";
				TEST_TARGET_NAME = Localization;
			};
			name = Debug;
		};
		013596C6210B107800DEA2A7 /* Release */ = {
			isa = XCBuildConfiguration;
			buildSettings = {
				ALWAYS_EMBED_SWIFT_STANDARD_LIBRARIES = YES;
				CODE_SIGN_STYLE = Automatic;
				INFOPLIST_FILE = LocalizationUITests/Info.plist;
				LD_RUNPATH_SEARCH_PATHS = "$(inherited) @executable_path/Frameworks @loader_path/Frameworks";
				PRODUCT_BUNDLE_IDENTIFIER = Globant.LocalizationUITests;
				PRODUCT_NAME = "$(TARGET_NAME)";
				SWIFT_VERSION = 4.0;
				TARGETED_DEVICE_FAMILY = "1,2";
				TEST_TARGET_NAME = Localization;
			};
			name = Release;
		};
/* End XCBuildConfiguration section */

/* Begin XCConfigurationList section */
		01359691210B107700DEA2A7 /* Build configuration list for PBXProject "Localization" */ = {
			isa = XCConfigurationList;
			buildConfigurations = (
				013596BC210B107800DEA2A7 /* Debug */,
				013596BD210B107800DEA2A7 /* Release */,
			);
			defaultConfigurationIsVisible = 0;
			defaultConfigurationName = Release;
		};
		013596BE210B107800DEA2A7 /* Build configuration list for PBXNativeTarget "Localization" */ = {
			isa = XCConfigurationList;
			buildConfigurations = (
				013596BF210B107800DEA2A7 /* Debug */,
				013596C0210B107800DEA2A7 /* Release */,
			);
			defaultConfigurationIsVisible = 0;
			defaultConfigurationName = Release;
		};
		013596C1210B107800DEA2A7 /* Build configuration list for PBXNativeTarget "LocalizationTests" */ = {
			isa = XCConfigurationList;
			buildConfigurations = (
				013596C2210B107800DEA2A7 /* Debug */,
				013596C3210B107800DEA2A7 /* Release */,
			);
			defaultConfigurationIsVisible = 0;
			defaultConfigurationName = Release;
		};
		013596C4210B107800DEA2A7 /* Build configuration list for PBXNativeTarget "LocalizationUITests" */ = {
			isa = XCConfigurationList;
			buildConfigurations = (
				013596C5210B107800DEA2A7 /* Debug */,
				013596C6210B107800DEA2A7 /* Release */,
			);
			defaultConfigurationIsVisible = 0;
			defaultConfigurationName = Release;
		};
/* End XCConfigurationList section */
	};
	rootObject = 0135968E210B107700DEA2A7 /* Project object */;
}
